
Microsoft Visual Studio Solution File, Format Version 12.00
# Visual Studio 14
VisualStudioVersion = 14.0.25420.1
MinimumVisualStudioVersion = 10.0.40219.1
Project("{F088123C-0E9E-452A-89E6-6BA2F21D5CAC}") = "TransportEmulator", "TransportEmulator\TransportEmulator.modelproj", "{D3EF3B26-6D98-41C0-A1FC-462D000A46B2}"
EndProject
Project("{FAE04EC0-301F-11D3-BF4B-00C04F79EFBC}") = "TransportSimulatorGUI", "TransportSimulatorGUI\TransportSimulatorGUI.csproj", "{6613429F-3214-4868-9AA2-C15767A735ED}"
EndProject
Project("{FAE04EC0-301F-11D3-BF4B-00C04F79EFBC}") = "TransportEmulatorModel", "TransportEmulatorLib\TransportEmulatorModel.csproj", "{222FBFE2-B880-402D-813D-9C33036A06EE}"
EndProject
Global
	GlobalSection(SolutionConfigurationPlatforms) = preSolution
		Debug|Any CPU = Debug|Any CPU
		Debug|ARM = Debug|ARM
		Debug|x64 = Debug|x64
		Debug|x86 = Debug|x86
		Release|Any CPU = Release|Any CPU
		Release|ARM = Release|ARM
		Release|x64 = Release|x64
		Release|x86 = Release|x86
	EndGlobalSection
	GlobalSection(ProjectConfigurationPlatforms) = postSolution
		{D3EF3B26-6D98-41C0-A1FC-462D000A46B2}.Debug|Any CPU.ActiveCfg = Debug|Any CPU
		{D3EF3B26-6D98-41C0-A1FC-462D000A46B2}.Debug|Any CPU.Build.0 = Debug|Any CPU
		{D3EF3B26-6D98-41C0-A1FC-462D000A46B2}.Debug|ARM.ActiveCfg = Debug|Any CPU
		{D3EF3B26-6D98-41C0-A1FC-462D000A46B2}.Debug|ARM.Build.0 = Debug|Any CPU
		{D3EF3B26-6D98-41C0-A1FC-462D000A46B2}.Debug|x64.ActiveCfg = Debug|Any CPU
		{D3EF3B26-6D98-41C0-A1FC-462D000A46B2}.Debug|x64.Build.0 = Debug|Any CPU
		{D3EF3B26-6D98-41C0-A1FC-462D000A46B2}.Debug|x86.ActiveCfg = Debug|Any CPU
		{D3EF3B26-6D98-41C0-A1FC-462D000A46B2}.Debug|x86.Build.0 = Debug|Any CPU
		{D3EF3B26-6D98-41C0-A1FC-462D000A46B2}.Release|Any CPU.ActiveCfg = Release|Any CPU
		{D3EF3B26-6D98-41C0-A1FC-462D000A46B2}.Release|Any CPU.Build.0 = Release|Any CPU
		{D3EF3B26-6D98-41C0-A1FC-462D000A46B2}.Release|ARM.ActiveCfg = Release|Any CPU
		{D3EF3B26-6D98-41C0-A1FC-462D000A46B2}.Release|ARM.Build.0 = Release|Any CPU
		{D3EF3B26-6D98-41C0-A1FC-462D000A46B2}.Release|x64.ActiveCfg = Release|Any CPU
		{D3EF3B26-6D98-41C0-A1FC-462D000A46B2}.Release|x64.Build.0 = Release|Any CPU
		{D3EF3B26-6D98-41C0-A1FC-462D000A46B2}.Release|x86.ActiveCfg = Release|Any CPU
		{D3EF3B26-6D98-41C0-A1FC-462D000A46B2}.Release|x86.Build.0 = Release|Any CPU
		{6613429F-3214-4868-9AA2-C15767A735ED}.Debug|Any CPU.ActiveCfg = Debug|Any CPU
		{6613429F-3214-4868-9AA2-C15767A735ED}.Debug|Any CPU.Build.0 = Debug|Any CPU
		{6613429F-3214-4868-9AA2-C15767A735ED}.Debug|ARM.ActiveCfg = Debug|Any CPU
		{6613429F-3214-4868-9AA2-C15767A735ED}.Debug|ARM.Build.0 = Debug|Any CPU
		{6613429F-3214-4868-9AA2-C15767A735ED}.Debug|x64.ActiveCfg = Debug|Any CPU
		{6613429F-3214-4868-9AA2-C15767A735ED}.Debug|x64.Build.0 = Debug|Any CPU
		{6613429F-3214-4868-9AA2-C15767A735ED}.Debug|x86.ActiveCfg = Debug|Any CPU
		{6613429F-3214-4868-9AA2-C15767A735ED}.Debug|x86.Build.0 = Debug|Any CPU
		{6613429F-3214-4868-9AA2-C15767A735ED}.Release|Any CPU.ActiveCfg = Release|Any CPU
		{6613429F-3214-4868-9AA2-C15767A735ED}.Release|Any CPU.Build.0 = Release|Any CPU
		{6613429F-3214-4868-9AA2-C15767A735ED}.Release|ARM.ActiveCfg = Release|Any CPU
		{6613429F-3214-4868-9AA2-C15767A735ED}.Release|ARM.Build.0 = Release|Any CPU
		{6613429F-3214-4868-9AA2-C15767A735ED}.Release|x64.ActiveCfg = Release|Any CPU
		{6613429F-3214-4868-9AA2-C15767A735ED}.Release|x64.Build.0 = Release|Any CPU
		{6613429F-3214-4868-9AA2-C15767A735ED}.Release|x86.ActiveCfg = Release|Any CPU
		{6613429F-3214-4868-9AA2-C15767A735ED}.Release|x86.Build.0 = Release|Any CPU
		{222FBFE2-B880-402D-813D-9C33036A06EE}.Debug|Any CPU.ActiveCfg = Debug|Any CPU
		{222FBFE2-B880-402D-813D-9C33036A06EE}.Debug|Any CPU.Build.0 = Debug|Any CPU
		{222FBFE2-B880-402D-813D-9C33036A06EE}.Debug|ARM.ActiveCfg = Debug|Any CPU
		{222FBFE2-B880-402D-813D-9C33036A06EE}.Debug|ARM.Build.0 = Debug|Any CPU
		{222FBFE2-B880-402D-813D-9C33036A06EE}.Debug|x64.ActiveCfg = Debug|Any CPU
		{222FBFE2-B880-402D-813D-9C33036A06EE}.Debug|x64.Build.0 = Debug|Any CPU
		{222FBFE2-B880-402D-813D-9C33036A06EE}.Debug|x86.ActiveCfg = Debug|Any CPU
		{222FBFE2-B880-402D-813D-9C33036A06EE}.Debug|x86.Build.0 = Debug|Any CPU
		{222FBFE2-B880-402D-813D-9C33036A06EE}.Release|Any CPU.ActiveCfg = Release|Any CPU
		{222FBFE2-B880-402D-813D-9C33036A06EE}.Release|Any CPU.Build.0 = Release|Any CPU
		{222FBFE2-B880-402D-813D-9C33036A06EE}.Release|ARM.ActiveCfg = Release|Any CPU
		{222FBFE2-B880-402D-813D-9C33036A06EE}.Release|ARM.Build.0 = Release|Any CPU
		{222FBFE2-B880-402D-813D-9C33036A06EE}.Release|x64.ActiveCfg = Release|Any CPU
		{222FBFE2-B880-402D-813D-9C33036A06EE}.Release|x64.Build.0 = Release|Any CPU
		{222FBFE2-B880-402D-813D-9C33036A06EE}.Release|x86.ActiveCfg = Release|Any CPU
		{222FBFE2-B880-402D-813D-9C33036A06EE}.Release|x86.Build.0 = Release|Any CPU
	EndGlobalSection
	GlobalSection(SolutionProperties) = preSolution
		HideSolutionNode = FALSE
	EndGlobalSection
EndGlobal
